
Microsoft Visual Studio Solution File, Format Version 12.00
# Visual Studio 14
VisualStudioVersion = 14.0.25420.1
MinimumVisualStudioVersion = 10.0.40219.1
Project("{FAE04EC0-301F-11D3-BF4B-00C04F79EFBC}") = "BowlingGame", "BowlingGame\BowlingGame.csproj", "{AD0F018A-732E-4074-8527-AB2EEC8D0BF3}"
EndProject
Project("{FAE04EC0-301F-11D3-BF4B-00C04F79EFBC}") = "Samples", "Samples\Samples.csproj", "{B5108E20-2ACF-4ED9-84FE-2A718050FC94}"
EndProject
Project("{FAE04EC0-301F-11D3-BF4B-00C04F79EFBC}") = "TagsCloudVisualization", "TagsCloudVisualization\TagsCloudVisualization.csproj", "{0DB1184B-CEC6-4533-B57A-D433E220F078}"
EndProject
Project("{FAE04EC0-301F-11D3-BF4B-00C04F79EFBC}") = "TagCloudVisualizator", "TagCloudVisualizator\TagCloudVisualizator.csproj", "{715F0FCB-2FDC-487A-85DF-0585460816F8}"
EndProject
Project("{2150E333-8FDC-42A3-9474-1A3956D46DE8}") = "TagsCloud", "TagsCloud", "{759CA7B7-6EDA-484A-980C-D8E540170F27}"
EndProject
Project("{FAE04EC0-301F-11D3-BF4B-00C04F79EFBC}") = "TextParser", "TextParser\TextParser.csproj", "{DC79AE4E-1DAA-4CEB-824B-AA1F8CDB445B}"
EndProject
Project("{FAE04EC0-301F-11D3-BF4B-00C04F79EFBC}") = "TextCloud", "TextCloud\TextCloud.csproj", "{C04E3E6A-6DCD-44EB-9DFC-E718D4E9BB36}"
EndProject
Project("{FAE04EC0-301F-11D3-BF4B-00C04F79EFBC}") = "TagCloudVisualizationTests", "TagCloudVisualizationTests\TagCloudVisualizationTests.csproj", "{0B6A1063-E02C-465F-A684-EE8360BFF7CD}"
EndProject
Project("{FAE04EC0-301F-11D3-BF4B-00C04F79EFBC}") = "Draw", "Draw\Draw.csproj", "{7DC4E378-E1E4-4C43-8266-41CAA9B22FE1}"
EndProject
Global
	GlobalSection(SolutionConfigurationPlatforms) = preSolution
		Debug|Any CPU = Debug|Any CPU
		Release|Any CPU = Release|Any CPU
	EndGlobalSection
	GlobalSection(ProjectConfigurationPlatforms) = postSolution
		{AD0F018A-732E-4074-8527-AB2EEC8D0BF3}.Debug|Any CPU.ActiveCfg = Debug|Any CPU
		{AD0F018A-732E-4074-8527-AB2EEC8D0BF3}.Debug|Any CPU.Build.0 = Debug|Any CPU
		{AD0F018A-732E-4074-8527-AB2EEC8D0BF3}.Release|Any CPU.ActiveCfg = Release|Any CPU
		{AD0F018A-732E-4074-8527-AB2EEC8D0BF3}.Release|Any CPU.Build.0 = Release|Any CPU
		{B5108E20-2ACF-4ED9-84FE-2A718050FC94}.Debug|Any CPU.ActiveCfg = Debug|Any CPU
		{B5108E20-2ACF-4ED9-84FE-2A718050FC94}.Debug|Any CPU.Build.0 = Debug|Any CPU
		{B5108E20-2ACF-4ED9-84FE-2A718050FC94}.Release|Any CPU.ActiveCfg = Release|Any CPU
		{B5108E20-2ACF-4ED9-84FE-2A718050FC94}.Release|Any CPU.Build.0 = Release|Any CPU
		{0DB1184B-CEC6-4533-B57A-D433E220F078}.Debug|Any CPU.ActiveCfg = Debug|Any CPU
		{0DB1184B-CEC6-4533-B57A-D433E220F078}.Debug|Any CPU.Build.0 = Debug|Any CPU
		{0DB1184B-CEC6-4533-B57A-D433E220F078}.Release|Any CPU.ActiveCfg = Release|Any CPU
		{0DB1184B-CEC6-4533-B57A-D433E220F078}.Release|Any CPU.Build.0 = Release|Any CPU
		{715F0FCB-2FDC-487A-85DF-0585460816F8}.Debug|Any CPU.ActiveCfg = Debug|Any CPU
		{715F0FCB-2FDC-487A-85DF-0585460816F8}.Debug|Any CPU.Build.0 = Debug|Any CPU
		{715F0FCB-2FDC-487A-85DF-0585460816F8}.Release|Any CPU.ActiveCfg = Release|Any CPU
		{715F0FCB-2FDC-487A-85DF-0585460816F8}.Release|Any CPU.Build.0 = Release|Any CPU
		{DC79AE4E-1DAA-4CEB-824B-AA1F8CDB445B}.Debug|Any CPU.ActiveCfg = Debug|Any CPU
		{DC79AE4E-1DAA-4CEB-824B-AA1F8CDB445B}.Debug|Any CPU.Build.0 = Debug|Any CPU
		{DC79AE4E-1DAA-4CEB-824B-AA1F8CDB445B}.Release|Any CPU.ActiveCfg = Release|Any CPU
		{DC79AE4E-1DAA-4CEB-824B-AA1F8CDB445B}.Release|Any CPU.Build.0 = Release|Any CPU
		{C04E3E6A-6DCD-44EB-9DFC-E718D4E9BB36}.Debug|Any CPU.ActiveCfg = Debug|Any CPU
		{C04E3E6A-6DCD-44EB-9DFC-E718D4E9BB36}.Debug|Any CPU.Build.0 = Debug|Any CPU
		{C04E3E6A-6DCD-44EB-9DFC-E718D4E9BB36}.Release|Any CPU.ActiveCfg = Release|Any CPU
		{C04E3E6A-6DCD-44EB-9DFC-E718D4E9BB36}.Release|Any CPU.Build.0 = Release|Any CPU
		{0B6A1063-E02C-465F-A684-EE8360BFF7CD}.Debug|Any CPU.ActiveCfg = Debug|Any CPU
		{0B6A1063-E02C-465F-A684-EE8360BFF7CD}.Debug|Any CPU.Build.0 = Debug|Any CPU
		{0B6A1063-E02C-465F-A684-EE8360BFF7CD}.Release|Any CPU.ActiveCfg = Release|Any CPU
		{0B6A1063-E02C-465F-A684-EE8360BFF7CD}.Release|Any CPU.Build.0 = Release|Any CPU
		{7DC4E378-E1E4-4C43-8266-41CAA9B22FE1}.Debug|Any CPU.ActiveCfg = Debug|Any CPU
		{7DC4E378-E1E4-4C43-8266-41CAA9B22FE1}.Debug|Any CPU.Build.0 = Debug|Any CPU
		{7DC4E378-E1E4-4C43-8266-41CAA9B22FE1}.Release|Any CPU.ActiveCfg = Release|Any CPU
		{7DC4E378-E1E4-4C43-8266-41CAA9B22FE1}.Release|Any CPU.Build.0 = Release|Any CPU
	EndGlobalSection
	GlobalSection(SolutionProperties) = preSolution
		HideSolutionNode = FALSE
	EndGlobalSection
	GlobalSection(NestedProjects) = preSolution
		{0DB1184B-CEC6-4533-B57A-D433E220F078} = {759CA7B7-6EDA-484A-980C-D8E540170F27}
		{715F0FCB-2FDC-487A-85DF-0585460816F8} = {759CA7B7-6EDA-484A-980C-D8E540170F27}
		{DC79AE4E-1DAA-4CEB-824B-AA1F8CDB445B} = {759CA7B7-6EDA-484A-980C-D8E540170F27}
		{C04E3E6A-6DCD-44EB-9DFC-E718D4E9BB36} = {759CA7B7-6EDA-484A-980C-D8E540170F27}
		{0B6A1063-E02C-465F-A684-EE8360BFF7CD} = {759CA7B7-6EDA-484A-980C-D8E540170F27}
		{7DC4E378-E1E4-4C43-8266-41CAA9B22FE1} = {759CA7B7-6EDA-484A-980C-D8E540170F27}
	EndGlobalSection
EndGlobal
